
Microsoft Visual Studio Solution File, Format Version 12.00
# Visual Studio Version 17
VisualStudioVersion = 17.0.31903.59
MinimumVisualStudioVersion = 10.0.40219.1
Project("{FAE04EC0-301F-11D3-BF4B-00C04F79EFBC}") = "Hero", "Hero\Hero.csproj", "{9AC4ACB3-0414-4FEE-B168-F71FFCACA42E}"
EndProject
Project("{FAE04EC0-301F-11D3-BF4B-00C04F79EFBC}") = "Hero.Test", "Hero.Test\Hero.Test.csproj", "{96718081-467A-4CBA-A8FD-73171DE235B7}"
EndProject
Global
	GlobalSection(SolutionConfigurationPlatforms) = preSolution
		Debug|Any CPU = Debug|Any CPU
		Release|Any CPU = Release|Any CPU
	EndGlobalSection
	GlobalSection(SolutionProperties) = preSolution
		HideSolutionNode = FALSE
	EndGlobalSection
	GlobalSection(ProjectConfigurationPlatforms) = postSolution
		{9AC4ACB3-0414-4FEE-B168-F71FFCACA42E}.Debug|Any CPU.ActiveCfg = Debug|Any CPU
		{9AC4ACB3-0414-4FEE-B168-F71FFCACA42E}.Debug|Any CPU.Build.0 = Debug|Any CPU
		{9AC4ACB3-0414-4FEE-B168-F71FFCACA42E}.Release|Any CPU.ActiveCfg = Release|Any CPU
		{9AC4ACB3-0414-4FEE-B168-F71FFCACA42E}.Release|Any CPU.Build.0 = Release|Any CPU
		{96718081-467A-4CBA-A8FD-73171DE235B7}.Debug|Any CPU.ActiveCfg = Debug|Any CPU
		{96718081-467A-4CBA-A8FD-73171DE235B7}.Debug|Any CPU.Build.0 = Debug|Any CPU
		{96718081-467A-4CBA-A8FD-73171DE235B7}.Release|Any CPU.ActiveCfg = Release|Any CPU
		{96718081-467A-4CBA-A8FD-73171DE235B7}.Release|Any CPU.Build.0 = Release|Any CPU
	EndGlobalSection
EndGlobal
